// !$*UTF8*$!
{
	archiveVersion = 1;
	classes = {
	};
	objectVersion = 56;
	objects = {

/* Begin PBXBuildFile section */
		6DA44DD12A171D210028895B /* AppDelegate.swift in Sources */ = {isa = PBXBuildFile; fileRef = 6DA44DD02A171D210028895B /* AppDelegate.swift */; };
		6DA44DD32A171D210028895B /* SceneDelegate.swift in Sources */ = {isa = PBXBuildFile; fileRef = 6DA44DD22A171D210028895B /* SceneDelegate.swift */; };
		6DA44DD52A171D210028895B /* ViewController.swift in Sources */ = {isa = PBXBuildFile; fileRef = 6DA44DD42A171D210028895B /* ViewController.swift */; };
		6DA44DD82A171D210028895B /* Main.storyboard in Resources */ = {isa = PBXBuildFile; fileRef = 6DA44DD62A171D210028895B /* Main.storyboard */; };
		6DA44DDA2A171D240028895B /* Assets.xcassets in Resources */ = {isa = PBXBuildFile; fileRef = 6DA44DD92A171D240028895B /* Assets.xcassets */; };
		6DA44DDD2A171D240028895B /* LaunchScreen.storyboard in Resources */ = {isa = PBXBuildFile; fileRef = 6DA44DDB2A171D240028895B /* LaunchScreen.storyboard */; };
		6DA44DE52A1731600028895B /* Extensions.swift in Sources */ = {isa = PBXBuildFile; fileRef = 6DA44DE42A1731600028895B /* Extensions.swift */; };
		6DA44DE72A173CEC0028895B /* TotalBillUIView.swift in Sources */ = {isa = PBXBuildFile; fileRef = 6DA44DE62A173CEC0028895B /* TotalBillUIView.swift */; };
		6DA44DE92A17413B0028895B /* PersonsView.swift in Sources */ = {isa = PBXBuildFile; fileRef = 6DA44DE82A17413B0028895B /* PersonsView.swift */; };
		6DA44DEB2A174B190028895B /* TipsView.swift in Sources */ = {isa = PBXBuildFile; fileRef = 6DA44DEA2A174B190028895B /* TipsView.swift */; };
/* End PBXBuildFile section */

/* Begin PBXFileReference section */
		6DA44DCD2A171D210028895B /* SplitMoney.app */ = {isa = PBXFileReference; explicitFileType = wrapper.application; includeInIndex = 0; path = SplitMoney.app; sourceTree = BUILT_PRODUCTS_DIR; };
		6DA44DD02A171D210028895B /* AppDelegate.swift */ = {isa = PBXFileReference; lastKnownFileType = sourcecode.swift; path = AppDelegate.swift; sourceTree = "<group>"; };
		6DA44DD22A171D210028895B /* SceneDelegate.swift */ = {isa = PBXFileReference; lastKnownFileType = sourcecode.swift; path = SceneDelegate.swift; sourceTree = "<group>"; };
		6DA44DD42A171D210028895B /* ViewController.swift */ = {isa = PBXFileReference; lastKnownFileType = sourcecode.swift; path = ViewController.swift; sourceTree = "<group>"; };
		6DA44DD72A171D210028895B /* Base */ = {isa = PBXFileReference; lastKnownFileType = file.storyboard; name = Base; path = Base.lproj/Main.storyboard; sourceTree = "<group>"; };
		6DA44DD92A171D240028895B /* Assets.xcassets */ = {isa = PBXFileReference; lastKnownFileType = folder.assetcatalog; path = Assets.xcassets; sourceTree = "<group>"; };
		6DA44DDC2A171D240028895B /* Base */ = {isa = PBXFileReference; lastKnownFileType = file.storyboard; name = Base; path = Base.lproj/LaunchScreen.storyboard; sourceTree = "<group>"; };
		6DA44DDE2A171D240028895B /* Info.plist */ = {isa = PBXFileReference; lastKnownFileType = text.plist.xml; path = Info.plist; sourceTree = "<group>"; };
		6DA44DE42A1731600028895B /* Extensions.swift */ = {isa = PBXFileReference; lastKnownFileType = sourcecode.swift; path = Extensions.swift; sourceTree = "<group>"; };
		6DA44DE62A173CEC0028895B /* TotalBillUIView.swift */ = {isa = PBXFileReference; lastKnownFileType = sourcecode.swift; path = TotalBillUIView.swift; sourceTree = "<group>"; };
		6DA44DE82A17413B0028895B /* PersonsView.swift */ = {isa = PBXFileReference; lastKnownFileType = sourcecode.swift; path = PersonsView.swift; sourceTree = "<group>"; };
		6DA44DEA2A174B190028895B /* TipsView.swift */ = {isa = PBXFileReference; lastKnownFileType = sourcecode.swift; path = TipsView.swift; sourceTree = "<group>"; };
/* End PBXFileReference section */

/* Begin PBXFrameworksBuildPhase section */
		6DA44DCA2A171D210028895B /* Frameworks */ = {
			isa = PBXFrameworksBuildPhase;
			buildActionMask = 2147483647;
			files = (
			);
			runOnlyForDeploymentPostprocessing = 0;
		};
/* End PBXFrameworksBuildPhase section */

/* Begin PBXGroup section */
		6DA44DC42A171D210028895B = {
			isa = PBXGroup;
			children = (
				6DA44DCF2A171D210028895B /* 19MaySplitMoneyDELETE */,
				6DA44DCE2A171D210028895B /* Products */,
			);
			sourceTree = "<group>";
		};
		6DA44DCE2A171D210028895B /* Products */ = {
			isa = PBXGroup;
			children = (
				6DA44DCD2A171D210028895B /* SplitMoney.app */,
			);
			name = Products;
			sourceTree = "<group>";
		};
		6DA44DCF2A171D210028895B /* 19MaySplitMoneyDELETE */ = {
			isa = PBXGroup;
			children = (
				6DA44DE42A1731600028895B /* Extensions.swift */,
				6DA44DD42A171D210028895B /* ViewController.swift */,
				6DA44DE62A173CEC0028895B /* TotalBillUIView.swift */,
				6DA44DE82A17413B0028895B /* PersonsView.swift */,
				6DA44DEA2A174B190028895B /* TipsView.swift */,
				6DA44DD02A171D210028895B /* AppDelegate.swift */,
				6DA44DD22A171D210028895B /* SceneDelegate.swift */,
				6DA44DD62A171D210028895B /* Main.storyboard */,
				6DA44DD92A171D240028895B /* Assets.xcassets */,
				6DA44DDB2A171D240028895B /* LaunchScreen.storyboard */,
				6DA44DDE2A171D240028895B /* Info.plist */,
			);
			path = 19MaySplitMoneyDELETE;
			sourceTree = "<group>";
		};
/* End PBXGroup section */

/* Begin PBXNativeTarget section */
		6DA44DCC2A171D210028895B /* SplitMoney */ = {
			isa = PBXNativeTarget;
			buildConfigurationList = 6DA44DE12A171D240028895B /* Build configuration list for PBXNativeTarget "SplitMoney" */;
			buildPhases = (
				6DA44DC92A171D210028895B /* Sources */,
				6DA44DCA2A171D210028895B /* Frameworks */,
				6DA44DCB2A171D210028895B /* Resources */,
			);
			buildRules = (
			);
			dependencies = (
			);
			name = SplitMoney;
			productName = 19MaySplitMoneyDELETE;
			productReference = 6DA44DCD2A171D210028895B /* SplitMoney.app */;
			productType = "com.apple.product-type.application";
		};
/* End PBXNativeTarget section */

/* Begin PBXProject section */
		6DA44DC52A171D210028895B /* Project object */ = {
			isa = PBXProject;
			attributes = {
				BuildIndependentTargetsInParallel = 1;
				LastSwiftUpdateCheck = 1420;
				LastUpgradeCheck = 1420;
				TargetAttributes = {
					6DA44DCC2A171D210028895B = {
						CreatedOnToolsVersion = 14.2;
					};
				};
			};
			buildConfigurationList = 6DA44DC82A171D210028895B /* Build configuration list for PBXProject "SplitMoney" */;
			compatibilityVersion = "Xcode 14.0";
			developmentRegion = en;
			hasScannedForEncodings = 0;
			knownRegions = (
				en,
				Base,
			);
			mainGroup = 6DA44DC42A171D210028895B;
			productRefGroup = 6DA44DCE2A171D210028895B /* Products */;
			projectDirPath = "";
			projectRoot = "";
			targets = (
				6DA44DCC2A171D210028895B /* SplitMoney */,
			);
		};
/* End PBXProject section */

/* Begin PBXResourcesBuildPhase section */
		6DA44DCB2A171D210028895B /* Resources */ = {
			isa = PBXResourcesBuildPhase;
			buildActionMask = 2147483647;
			files = (
				6DA44DDD2A171D240028895B /* LaunchScreen.storyboard in Resources */,
				6DA44DDA2A171D240028895B /* Assets.xcassets in Resources */,
				6DA44DD82A171D210028895B /* Main.storyboard in Resources */,
			);
			runOnlyForDeploymentPostprocessing = 0;
		};
/* End PBXResourcesBuildPhase section */

/* Begin PBXSourcesBuildPhase section */
		6DA44DC92A171D210028895B /* Sources */ = {
			isa = PBXSourcesBuildPhase;
			buildActionMask = 2147483647;
			files = (
				6DA44DD52A171D210028895B /* ViewController.swift in Sources */,
				6DA44DE92A17413B0028895B /* PersonsView.swift in Sources */,
				6DA44DD12A171D210028895B /* AppDelegate.swift in Sources */,
				6DA44DD32A171D210028895B /* SceneDelegate.swift in Sources */,
				6DA44DEB2A174B190028895B /* TipsView.swift in Sources */,
				6DA44DE52A1731600028895B /* Extensions.swift in Sources */,
				6DA44DE72A173CEC0028895B /* TotalBillUIView.swift in Sources */,
			);
			runOnlyForDeploymentPostprocessing = 0;
		};
/* End PBXSourcesBuildPhase section */

/* Begin PBXVariantGroup section */
		6DA44DD62A171D210028895B /* Main.storyboard */ = {
			isa = PBXVariantGroup;
			children = (
				6DA44DD72A171D210028895B /* Base */,
			);
			name = Main.storyboard;
			sourceTree = "<group>";
		};
		6DA44DDB2A171D240028895B /* LaunchScreen.storyboard */ = {
			isa = PBXVariantGroup;
			children = (
				6DA44DDC2A171D240028895B /* Base */,
			);
			name = LaunchScreen.storyboard;
			sourceTree = "<group>";
		};
/* End PBXVariantGroup section */

/* Begin XCBuildConfiguration section */
		6DA44DDF2A171D240028895B /* Debug */ = {
			isa = XCBuildConfiguration;
			buildSettings = {
				ALWAYS_SEARCH_USER_PATHS = NO;
				CLANG_ANALYZER_NONNULL = YES;
				CLANG_ANALYZER_NUMBER_OBJECT_CONVERSION = YES_AGGRESSIVE;
				CLANG_CXX_LANGUAGE_STANDARD = "gnu++20";
				CLANG_ENABLE_MODULES = YES;
				CLANG_ENABLE_OBJC_ARC = YES;
				CLANG_ENABLE_OBJC_WEAK = YES;
				CLANG_WARN_BLOCK_CAPTURE_AUTORELEASING = YES;
				CLANG_WARN_BOOL_CONVERSION = YES;
				CLANG_WARN_COMMA = YES;
				CLANG_WARN_CONSTANT_CONVERSION = YES;
				CLANG_WARN_DEPRECATED_OBJC_IMPLEMENTATIONS = YES;
				CLANG_WARN_DIRECT_OBJC_ISA_USAGE = YES_ERROR;
				CLANG_WARN_DOCUMENTATION_COMMENTS = YES;
				CLANG_WARN_EMPTY_BODY = YES;
				CLANG_WARN_ENUM_CONVERSION = YES;
				CLANG_WARN_INFINITE_RECURSION = YES;
				CLANG_WARN_INT_CONVERSION = YES;
				CLANG_WARN_NON_LITERAL_NULL_CONVERSION = YES;
				CLANG_WARN_OBJC_IMPLICIT_RETAIN_SELF = YES;
				CLANG_WARN_OBJC_LITERAL_CONVERSION = YES;
				CLANG_WARN_OBJC_ROOT_CLASS = YES_ERROR;
				CLANG_WARN_QUOTED_INCLUDE_IN_FRAMEWORK_HEADER = YES;
				CLANG_WARN_RANGE_LOOP_ANALYSIS = YES;
				CLANG_WARN_STRICT_PROTOTYPES = YES;
				CLANG_WARN_SUSPICIOUS_MOVE = YES;
				CLANG_WARN_UNGUARDED_AVAILABILITY = YES_AGGRESSIVE;
				CLANG_WARN_UNREACHABLE_CODE = YES;
				CLANG_WARN__DUPLICATE_METHOD_MATCH = YES;
				COPY_PHASE_STRIP = NO;
				DEBUG_INFORMATION_FORMAT = dwarf;
				ENABLE_STRICT_OBJC_MSGSEND = YES;
				ENABLE_TESTABILITY = YES;
				GCC_C_LANGUAGE_STANDARD = gnu11;
				GCC_DYNAMIC_NO_PIC = NO;
				GCC_NO_COMMON_BLOCKS = YES;
				GCC_OPTIMIZATION_LEVEL = 0;
				GCC_PREPROCESSOR_DEFINITIONS = (
					"DEBUG=1",
					"$(inherited)",
				);
				GCC_WARN_64_TO_32_BIT_CONVERSION = YES;
				GCC_WARN_ABOUT_RETURN_TYPE = YES_ERROR;
				GCC_WARN_UNDECLARED_SELECTOR = YES;
				GCC_WARN_UNINITIALIZED_AUTOS = YES_AGGRESSIVE;
				GCC_WARN_UNUSED_FUNCTION = YES;
				GCC_WARN_UNUSED_VARIABLE = YES;
				IPHONEOS_DEPLOYMENT_TARGET = 16.2;
				MTL_ENABLE_DEBUG_INFO = INCLUDE_SOURCE;
				MTL_FAST_MATH = YES;
				ONLY_ACTIVE_ARCH = YES;
				SDKROOT = iphoneos;
				SWIFT_ACTIVE_COMPILATION_CONDITIONS = DEBUG;
				SWIFT_OPTIMIZATION_LEVEL = "-Onone";
			};
			name = Debug;
		};
		6DA44DE02A171D240028895B /* Release */ = {
			isa = XCBuildConfiguration;
			buildSettings = {
				ALWAYS_SEARCH_USER_PATHS = NO;
				CLANG_ANALYZER_NONNULL = YES;
				CLANG_ANALYZER_NUMBER_OBJECT_CONVERSION = YES_AGGRESSIVE;
				CLANG_CXX_LANGUAGE_STANDARD = "gnu++20";
				CLANG_ENABLE_MODULES = YES;
				CLANG_ENABLE_OBJC_ARC = YES;
				CLANG_ENABLE_OBJC_WEAK = YES;
				CLANG_WARN_BLOCK_CAPTURE_AUTORELEASING = YES;
				CLANG_WARN_BOOL_CONVERSION = YES;
				CLANG_WARN_COMMA = YES;
				CLANG_WARN_CONSTANT_CONVERSION = YES;
				CLANG_WARN_DEPRECATED_OBJC_IMPLEMENTATIONS = YES;
				CLANG_WARN_DIRECT_OBJC_ISA_USAGE = YES_ERROR;
				CLANG_WARN_DOCUMENTATION_COMMENTS = YES;
				CLANG_WARN_EMPTY_BODY = YES;
				CLANG_WARN_ENUM_CONVERSION = YES;
				CLANG_WARN_INFINITE_RECURSION = YES;
				CLANG_WARN_INT_CONVERSION = YES;
				CLANG_WARN_NON_LITERAL_NULL_CONVERSION = YES;
				CLANG_WARN_OBJC_IMPLICIT_RETAIN_SELF = YES;
				CLANG_WARN_OBJC_LITERAL_CONVERSION = YES;
				CLANG_WARN_OBJC_ROOT_CLASS = YES_ERROR;
				CLANG_WARN_QUOTED_INCLUDE_IN_FRAMEWORK_HEADER = YES;
				CLANG_WARN_RANGE_LOOP_ANALYSIS = YES;
				CLANG_WARN_STRICT_PROTOTYPES = YES;
				CLANG_WARN_SUSPICIOUS_MOVE = YES;
				CLANG_WARN_UNGUARDED_AVAILABILITY = YES_AGGRESSIVE;
				CLANG_WARN_UNREACHABLE_CODE = YES;
				CLANG_WARN__DUPLICATE_METHOD_MATCH = YES;
				COPY_PHASE_STRIP = NO;
				DEBUG_INFORMATION_FORMAT = "dwarf-with-dsym";
				ENABLE_NS_ASSERTIONS = NO;
				ENABLE_STRICT_OBJC_MSGSEND = YES;
				GCC_C_LANGUAGE_STANDARD = gnu11;
				GCC_NO_COMMON_BLOCKS = YES;
				GCC_WARN_64_TO_32_BIT_CONVERSION = YES;
				GCC_WARN_ABOUT_RETURN_TYPE = YES_ERROR;
				GCC_WARN_UNDECLARED_SELECTOR = YES;
				GCC_WARN_UNINITIALIZED_AUTOS = YES_AGGRESSIVE;
				GCC_WARN_UNUSED_FUNCTION = YES;
				GCC_WARN_UNUSED_VARIABLE = YES;
				IPHONEOS_DEPLOYMENT_TARGET = 16.2;
				MTL_ENABLE_DEBUG_INFO = NO;
				MTL_FAST_MATH = YES;
				SDKROOT = iphoneos;
				SWIFT_COMPILATION_MODE = wholemodule;
				SWIFT_OPTIMIZATION_LEVEL = "-O";
				VALIDATE_PRODUCT = YES;
			};
			name = Release;
		};
		6DA44DE22A171D240028895B /* Debug */ = {
			isa = XCBuildConfiguration;
			buildSettings = {
				ASSETCATALOG_COMPILER_APPICON_NAME = AppIcon;
				ASSETCATALOG_COMPILER_GLOBAL_ACCENT_COLOR_NAME = AccentColor;
				CODE_SIGN_STYLE = Automatic;
				CURRENT_PROJECT_VERSION = 1;
				DEVELOPMENT_TEAM = T6NP5VY79P;
				GENERATE_INFOPLIST_FILE = YES;
				INFOPLIST_FILE = 19MaySplitMoneyDELETE/Info.plist;
				INFOPLIST_KEY_UIApplicationSupportsIndirectInputEvents = YES;
				INFOPLIST_KEY_UILaunchStoryboardName = LaunchScreen;
				INFOPLIST_KEY_UIMainStoryboardFile = Main;
				INFOPLIST_KEY_UISupportedInterfaceOrientations_iPad = "UIInterfaceOrientationPortrait UIInterfaceOrientationPortraitUpsideDown UIInterfaceOrientationLandscapeLeft UIInterfaceOrientationLandscapeRight";
				INFOPLIST_KEY_UISupportedInterfaceOrientations_iPhone = "UIInterfaceOrientationPortrait UIInterfaceOrientationLandscapeLeft UIInterfaceOrientationLandscapeRight";
				LD_RUNPATH_SEARCH_PATHS = (
					"$(inherited)",
					"@executable_path/Frameworks",
				);
				MARKETING_VERSION = 1.0;
				PRODUCT_BUNDLE_IDENTIFIER = "me.abanshin.alexander.-9MaySplitMoneyDELETE";
				PRODUCT_NAME = "$(TARGET_NAME)";
				SWIFT_EMIT_LOC_STRINGS = YES;
				SWIFT_VERSION = 5.0;
				TARGETED_DEVICE_FAMILY = "1,2";
			};
			name = Debug;
		};
		6DA44DE32A171D240028895B /* Release */ = {
			isa = XCBuildConfiguration;
			buildSettings = {
				ASSETCATALOG_COMPILER_APPICON_NAME = AppIcon;
				ASSETCATALOG_COMPILER_GLOBAL_ACCENT_COLOR_NAME = AccentColor;
				CODE_SIGN_STYLE = Automatic;
				CURRENT_PROJECT_VERSION = 1;
				DEVELOPMENT_TEAM = T6NP5VY79P;
				GENERATE_INFOPLIST_FILE = YES;
				INFOPLIST_FILE = 19MaySplitMoneyDELETE/Info.plist;
				INFOPLIST_KEY_UIApplicationSupportsIndirectInputEvents = YES;
				INFOPLIST_KEY_UILaunchStoryboardName = LaunchScreen;
				INFOPLIST_KEY_UIMainStoryboardFile = Main;
				INFOPLIST_KEY_UISupportedInterfaceOrientations_iPad = "UIInterfaceOrientationPortrait UIInterfaceOrientationPortraitUpsideDown UIInterfaceOrientationLandscapeLeft UIInterfaceOrientationLandscapeRight";
				INFOPLIST_KEY_UISupportedInterfaceOrientations_iPhone = "UIInterfaceOrientationPortrait UIInterfaceOrientationLandscapeLeft UIInterfaceOrientationLandscapeRight";
				LD_RUNPATH_SEARCH_PATHS = (
					"$(inherited)",
					"@executable_path/Frameworks",
				);
				MARKETING_VERSION = 1.0;
				PRODUCT_BUNDLE_IDENTIFIER = "me.abanshin.alexander.-9MaySplitMoneyDELETE";
				PRODUCT_NAME = "$(TARGET_NAME)";
				SWIFT_EMIT_LOC_STRINGS = YES;
				SWIFT_VERSION = 5.0;
				TARGETED_DEVICE_FAMILY = "1,2";
			};
			name = Release;
		};
/* End XCBuildConfiguration section */

/* Begin XCConfigurationList section */
		6DA44DC82A171D210028895B /* Build configuration list for PBXProject "SplitMoney" */ = {
			isa = XCConfigurationList;
			buildConfigurations = (
				6DA44DDF2A171D240028895B /* Debug */,
				6DA44DE02A171D240028895B /* Release */,
			);
			defaultConfigurationIsVisible = 0;
			defaultConfigurationName = Release;
		};
		6DA44DE12A171D240028895B /* Build configuration list for PBXNativeTarget "SplitMoney" */ = {
			isa = XCConfigurationList;
			buildConfigurations = (
				6DA44DE22A171D240028895B /* Debug */,
				6DA44DE32A171D240028895B /* Release */,
			);
			defaultConfigurationIsVisible = 0;
			defaultConfigurationName = Release;
		};
/* End XCConfigurationList section */
	};
	rootObject = 6DA44DC52A171D210028895B /* Project object */;
}
